
Microsoft Visual Studio Solution File, Format Version 12.00
# Visual Studio Version 17
VisualStudioVersion = 17.1.32414.318
MinimumVisualStudioVersion = 10.0.40219.1
Project("{FAE04EC0-301F-11D3-BF4B-00C04F79EFBC}") = "SingletonDesignPatternConsoleApp", "ConsoleApp1\SingletonDesignPatternConsoleApp.csproj", "{0D5961F4-9E78-49BF-8AF1-401CF7EFBDBF}"
EndProject
Global
	GlobalSection(SolutionConfigurationPlatforms) = preSolution
		Debug|Any CPU = Debug|Any CPU
		Release|Any CPU = Release|Any CPU
	EndGlobalSection
	GlobalSection(ProjectConfigurationPlatforms) = postSolution
		{0D5961F4-9E78-49BF-8AF1-401CF7EFBDBF}.Debug|Any CPU.ActiveCfg = Debug|Any CPU
		{0D5961F4-9E78-49BF-8AF1-401CF7EFBDBF}.Debug|Any CPU.Build.0 = Debug|Any CPU
		{0D5961F4-9E78-49BF-8AF1-401CF7EFBDBF}.Release|Any CPU.ActiveCfg = Release|Any CPU
		{0D5961F4-9E78-49BF-8AF1-401CF7EFBDBF}.Release|Any CPU.Build.0 = Release|Any CPU
	EndGlobalSection
	GlobalSection(SolutionProperties) = preSolution
		HideSolutionNode = FALSE
	EndGlobalSection
	GlobalSection(ExtensibilityGlobals) = postSolution
		SolutionGuid = {5EA3B035-5867-417E-9847-A6F7D5F494DC}
	EndGlobalSection
EndGlobal
